
Microsoft Visual Studio Solution File, Format Version 12.00
# Visual Studio Version 17
VisualStudioVersion = 17.1.32319.34
MinimumVisualStudioVersion = 10.0.40219.1
Project("{9A19103F-16F7-4668-BE54-9A1E7A4F7556}") = "ProjectEntities", "ProjectEntities\ProjectEntities.csproj", "{2E59C14E-EF6E-42DD-BDA0-1B4FB8C74E7C}"
EndProject
Project("{9A19103F-16F7-4668-BE54-9A1E7A4F7556}") = "ProjectsDataAccess", "ProjectsDataAccess\ProjectsDataAccess.csproj", "{6A5295DB-A1C6-407B-8BA3-EB3431A1ED9D}"
EndProject
Project("{9A19103F-16F7-4668-BE54-9A1E7A4F7556}") = "ProjectSolutionTests", "ProjectSolutionTests\ProjectSolutionTests.csproj", "{4DABB977-53D2-4651-99BB-858C40D61E59}"
EndProject
Project("{FAE04EC0-301F-11D3-BF4B-00C04F79EFBC}") = "ProjectsAPI", "ProjectsAPI\ProjectsAPI.csproj", "{A3DE93A1-AB54-4249-A252-F8F1B40EF578}"
EndProject
Project("{FAE04EC0-301F-11D3-BF4B-00C04F79EFBC}") = "ProjectsMVCApp", "ProjectsMVCApp\ProjectsMVCApp.csproj", "{20B1997C-898D-4BA2-BA26-2C2019239A47}"
EndProject
Global
	GlobalSection(SolutionConfigurationPlatforms) = preSolution
		Debug|Any CPU = Debug|Any CPU
		Release|Any CPU = Release|Any CPU
	EndGlobalSection
	GlobalSection(ProjectConfigurationPlatforms) = postSolution
		{2E59C14E-EF6E-42DD-BDA0-1B4FB8C74E7C}.Debug|Any CPU.ActiveCfg = Debug|Any CPU
		{2E59C14E-EF6E-42DD-BDA0-1B4FB8C74E7C}.Debug|Any CPU.Build.0 = Debug|Any CPU
		{2E59C14E-EF6E-42DD-BDA0-1B4FB8C74E7C}.Release|Any CPU.ActiveCfg = Release|Any CPU
		{2E59C14E-EF6E-42DD-BDA0-1B4FB8C74E7C}.Release|Any CPU.Build.0 = Release|Any CPU
		{6A5295DB-A1C6-407B-8BA3-EB3431A1ED9D}.Debug|Any CPU.ActiveCfg = Debug|Any CPU
		{6A5295DB-A1C6-407B-8BA3-EB3431A1ED9D}.Debug|Any CPU.Build.0 = Debug|Any CPU
		{6A5295DB-A1C6-407B-8BA3-EB3431A1ED9D}.Release|Any CPU.ActiveCfg = Release|Any CPU
		{6A5295DB-A1C6-407B-8BA3-EB3431A1ED9D}.Release|Any CPU.Build.0 = Release|Any CPU
		{4DABB977-53D2-4651-99BB-858C40D61E59}.Debug|Any CPU.ActiveCfg = Debug|Any CPU
		{4DABB977-53D2-4651-99BB-858C40D61E59}.Debug|Any CPU.Build.0 = Debug|Any CPU
		{4DABB977-53D2-4651-99BB-858C40D61E59}.Release|Any CPU.ActiveCfg = Release|Any CPU
		{4DABB977-53D2-4651-99BB-858C40D61E59}.Release|Any CPU.Build.0 = Release|Any CPU
		{A3DE93A1-AB54-4249-A252-F8F1B40EF578}.Debug|Any CPU.ActiveCfg = Debug|Any CPU
		{A3DE93A1-AB54-4249-A252-F8F1B40EF578}.Debug|Any CPU.Build.0 = Debug|Any CPU
		{A3DE93A1-AB54-4249-A252-F8F1B40EF578}.Release|Any CPU.ActiveCfg = Release|Any CPU
		{A3DE93A1-AB54-4249-A252-F8F1B40EF578}.Release|Any CPU.Build.0 = Release|Any CPU
		{20B1997C-898D-4BA2-BA26-2C2019239A47}.Debug|Any CPU.ActiveCfg = Debug|Any CPU
		{20B1997C-898D-4BA2-BA26-2C2019239A47}.Debug|Any CPU.Build.0 = Debug|Any CPU
		{20B1997C-898D-4BA2-BA26-2C2019239A47}.Release|Any CPU.ActiveCfg = Release|Any CPU
		{20B1997C-898D-4BA2-BA26-2C2019239A47}.Release|Any CPU.Build.0 = Release|Any CPU
	EndGlobalSection
	GlobalSection(SolutionProperties) = preSolution
		HideSolutionNode = FALSE
	EndGlobalSection
	GlobalSection(ExtensibilityGlobals) = postSolution
		SolutionGuid = {7931AECF-D258-4759-A999-76EBBAC60418}
	EndGlobalSection
EndGlobal
